
Microsoft Visual Studio Solution File, Format Version 12.00
# Visual Studio 15
VisualStudioVersion = 15.0.28307.779
MinimumVisualStudioVersion = 10.0.40219.1
Project("{FAE04EC0-301F-11D3-BF4B-00C04F79EFBC}") = "P2Ejer01", "Pila\P2Ejer01.csproj", "{E77266B5-88B9-4294-AACE-8DB0B00D99AB}"
EndProject
Project("{FAE04EC0-301F-11D3-BF4B-00C04F79EFBC}") = "P2Ejer07", "cola\P2Ejer07.csproj", "{3A1CF3B6-16DC-47C0-9E64-6BF91B558432}"
EndProject
Project("{FAE04EC0-301F-11D3-BF4B-00C04F79EFBC}") = "P2Ejer08", "Ejer08\P2Ejer08.csproj", "{20683DEB-CFFB-4FA6-A30E-1D2DBDC5C10A}"
EndProject
Project("{FAE04EC0-301F-11D3-BF4B-00C04F79EFBC}") = "P2Ejer09", "Ejer09\P2Ejer09.csproj", "{3139F6F5-93F9-43F2-8918-D5B05652BDBE}"
EndProject
Project("{FAE04EC0-301F-11D3-BF4B-00C04F79EFBC}") = "P3Ejer01", "Lista\P3Ejer01.csproj", "{99F51E0A-E97D-4D74-A7CB-4D6EC9DF7749}"
EndProject
Project("{FAE04EC0-301F-11D3-BF4B-00C04F79EFBC}") = "P2Ejer05", "Ejer05\P2Ejer05.csproj", "{B247B053-9C79-4A54-A107-E3F6D4B0985C}"
EndProject
Project("{FAE04EC0-301F-11D3-BF4B-00C04F79EFBC}") = "P2Ejer02", "Ejer02\P2Ejer02.csproj", "{038E73F3-7C18-476A-8E9C-C77F4A564AF0}"
EndProject
Project("{FAE04EC0-301F-11D3-BF4B-00C04F79EFBC}") = "P2Ejer03", "P2Ejer03\P2Ejer03.csproj", "{5098CFA7-9CB0-42D4-BC63-D83408A77151}"
EndProject
Project("{FAE04EC0-301F-11D3-BF4B-00C04F79EFBC}") = "P2Ejer04", "P2Ejer04\P2Ejer04.csproj", "{F049DA2D-D7E8-4C00-8F43-014795AFAAAE}"
EndProject
Project("{FAE04EC0-301F-11D3-BF4B-00C04F79EFBC}") = "P2Ejer06", "P2Ejer06\P2Ejer06.csproj", "{81A8E17E-2A00-4052-8D90-44102CEE0042}"
EndProject
Project("{FAE04EC0-301F-11D3-BF4B-00C04F79EFBC}") = "P3Ejer01b", "P3Ejer01b\P3Ejer01b.csproj", "{C9FD614A-20BA-41B7-ACB9-A6A7FC68E44B}"
EndProject
Project("{FAE04EC0-301F-11D3-BF4B-00C04F79EFBC}") = "P3Ejer01c", "P3Ejer01c\P3Ejer01c.csproj", "{4A0C79BF-4D4B-4AF4-A090-80414440C425}"
EndProject
Project("{FAE04EC0-301F-11D3-BF4B-00C04F79EFBC}") = "P3Ejer03", "P3Ejer03\P3Ejer03.csproj", "{AA46447D-121E-43A2-9F2D-D886FE368DF9}"
EndProject
Global
	GlobalSection(SolutionConfigurationPlatforms) = preSolution
		Debug|Any CPU = Debug|Any CPU
		Release|Any CPU = Release|Any CPU
	EndGlobalSection
	GlobalSection(ProjectConfigurationPlatforms) = postSolution
		{E77266B5-88B9-4294-AACE-8DB0B00D99AB}.Debug|Any CPU.ActiveCfg = Debug|Any CPU
		{E77266B5-88B9-4294-AACE-8DB0B00D99AB}.Debug|Any CPU.Build.0 = Debug|Any CPU
		{E77266B5-88B9-4294-AACE-8DB0B00D99AB}.Release|Any CPU.ActiveCfg = Release|Any CPU
		{E77266B5-88B9-4294-AACE-8DB0B00D99AB}.Release|Any CPU.Build.0 = Release|Any CPU
		{3A1CF3B6-16DC-47C0-9E64-6BF91B558432}.Debug|Any CPU.ActiveCfg = Debug|Any CPU
		{3A1CF3B6-16DC-47C0-9E64-6BF91B558432}.Debug|Any CPU.Build.0 = Debug|Any CPU
		{3A1CF3B6-16DC-47C0-9E64-6BF91B558432}.Release|Any CPU.ActiveCfg = Release|Any CPU
		{3A1CF3B6-16DC-47C0-9E64-6BF91B558432}.Release|Any CPU.Build.0 = Release|Any CPU
		{20683DEB-CFFB-4FA6-A30E-1D2DBDC5C10A}.Debug|Any CPU.ActiveCfg = Debug|Any CPU
		{20683DEB-CFFB-4FA6-A30E-1D2DBDC5C10A}.Debug|Any CPU.Build.0 = Debug|Any CPU
		{20683DEB-CFFB-4FA6-A30E-1D2DBDC5C10A}.Release|Any CPU.ActiveCfg = Release|Any CPU
		{20683DEB-CFFB-4FA6-A30E-1D2DBDC5C10A}.Release|Any CPU.Build.0 = Release|Any CPU
		{3139F6F5-93F9-43F2-8918-D5B05652BDBE}.Debug|Any CPU.ActiveCfg = Debug|Any CPU
		{3139F6F5-93F9-43F2-8918-D5B05652BDBE}.Debug|Any CPU.Build.0 = Debug|Any CPU
		{3139F6F5-93F9-43F2-8918-D5B05652BDBE}.Release|Any CPU.ActiveCfg = Release|Any CPU
		{3139F6F5-93F9-43F2-8918-D5B05652BDBE}.Release|Any CPU.Build.0 = Release|Any CPU
		{99F51E0A-E97D-4D74-A7CB-4D6EC9DF7749}.Debug|Any CPU.ActiveCfg = Debug|Any CPU
		{99F51E0A-E97D-4D74-A7CB-4D6EC9DF7749}.Debug|Any CPU.Build.0 = Debug|Any CPU
		{99F51E0A-E97D-4D74-A7CB-4D6EC9DF7749}.Release|Any CPU.ActiveCfg = Release|Any CPU
		{99F51E0A-E97D-4D74-A7CB-4D6EC9DF7749}.Release|Any CPU.Build.0 = Release|Any CPU
		{B247B053-9C79-4A54-A107-E3F6D4B0985C}.Debug|Any CPU.ActiveCfg = Debug|Any CPU
		{B247B053-9C79-4A54-A107-E3F6D4B0985C}.Debug|Any CPU.Build.0 = Debug|Any CPU
		{B247B053-9C79-4A54-A107-E3F6D4B0985C}.Release|Any CPU.ActiveCfg = Release|Any CPU
		{B247B053-9C79-4A54-A107-E3F6D4B0985C}.Release|Any CPU.Build.0 = Release|Any CPU
		{038E73F3-7C18-476A-8E9C-C77F4A564AF0}.Debug|Any CPU.ActiveCfg = Debug|Any CPU
		{038E73F3-7C18-476A-8E9C-C77F4A564AF0}.Debug|Any CPU.Build.0 = Debug|Any CPU
		{038E73F3-7C18-476A-8E9C-C77F4A564AF0}.Release|Any CPU.ActiveCfg = Release|Any CPU
		{038E73F3-7C18-476A-8E9C-C77F4A564AF0}.Release|Any CPU.Build.0 = Release|Any CPU
		{5098CFA7-9CB0-42D4-BC63-D83408A77151}.Debug|Any CPU.ActiveCfg = Debug|Any CPU
		{5098CFA7-9CB0-42D4-BC63-D83408A77151}.Debug|Any CPU.Build.0 = Debug|Any CPU
		{5098CFA7-9CB0-42D4-BC63-D83408A77151}.Release|Any CPU.ActiveCfg = Release|Any CPU
		{5098CFA7-9CB0-42D4-BC63-D83408A77151}.Release|Any CPU.Build.0 = Release|Any CPU
		{F049DA2D-D7E8-4C00-8F43-014795AFAAAE}.Debug|Any CPU.ActiveCfg = Debug|Any CPU
		{F049DA2D-D7E8-4C00-8F43-014795AFAAAE}.Debug|Any CPU.Build.0 = Debug|Any CPU
		{F049DA2D-D7E8-4C00-8F43-014795AFAAAE}.Release|Any CPU.ActiveCfg = Release|Any CPU
		{F049DA2D-D7E8-4C00-8F43-014795AFAAAE}.Release|Any CPU.Build.0 = Release|Any CPU
		{81A8E17E-2A00-4052-8D90-44102CEE0042}.Debug|Any CPU.ActiveCfg = Debug|Any CPU
		{81A8E17E-2A00-4052-8D90-44102CEE0042}.Debug|Any CPU.Build.0 = Debug|Any CPU
		{81A8E17E-2A00-4052-8D90-44102CEE0042}.Release|Any CPU.ActiveCfg = Release|Any CPU
		{81A8E17E-2A00-4052-8D90-44102CEE0042}.Release|Any CPU.Build.0 = Release|Any CPU
		{C9FD614A-20BA-41B7-ACB9-A6A7FC68E44B}.Debug|Any CPU.ActiveCfg = Debug|Any CPU
		{C9FD614A-20BA-41B7-ACB9-A6A7FC68E44B}.Debug|Any CPU.Build.0 = Debug|Any CPU
		{C9FD614A-20BA-41B7-ACB9-A6A7FC68E44B}.Release|Any CPU.ActiveCfg = Release|Any CPU
		{C9FD614A-20BA-41B7-ACB9-A6A7FC68E44B}.Release|Any CPU.Build.0 = Release|Any CPU
		{4A0C79BF-4D4B-4AF4-A090-80414440C425}.Debug|Any CPU.ActiveCfg = Debug|Any CPU
		{4A0C79BF-4D4B-4AF4-A090-80414440C425}.Debug|Any CPU.Build.0 = Debug|Any CPU
		{4A0C79BF-4D4B-4AF4-A090-80414440C425}.Release|Any CPU.ActiveCfg = Release|Any CPU
		{4A0C79BF-4D4B-4AF4-A090-80414440C425}.Release|Any CPU.Build.0 = Release|Any CPU
		{AA46447D-121E-43A2-9F2D-D886FE368DF9}.Debug|Any CPU.ActiveCfg = Debug|Any CPU
		{AA46447D-121E-43A2-9F2D-D886FE368DF9}.Debug|Any CPU.Build.0 = Debug|Any CPU
		{AA46447D-121E-43A2-9F2D-D886FE368DF9}.Release|Any CPU.ActiveCfg = Release|Any CPU
		{AA46447D-121E-43A2-9F2D-D886FE368DF9}.Release|Any CPU.Build.0 = Release|Any CPU
	EndGlobalSection
	GlobalSection(SolutionProperties) = preSolution
		HideSolutionNode = FALSE
	EndGlobalSection
	GlobalSection(ExtensibilityGlobals) = postSolution
		SolutionGuid = {01A81776-183B-4BCE-BB94-C7AF69ED2460}
	EndGlobalSection
EndGlobal
